
Microsoft Visual Studio Solution File, Format Version 12.00
# Visual Studio Version 16
VisualStudioVersion = 16.0.31129.286
MinimumVisualStudioVersion = 10.0.40219.1
Project("{9A19103F-16F7-4668-BE54-9A1E7A4F7556}") = "KarmaManagement", "Api\KarmaManagement.csproj", "{649BDE17-8A3A-45A8-A941-E8A8E41F6EDB}"
EndProject
Global
	GlobalSection(SolutionConfigurationPlatforms) = preSolution
		Debug|Any CPU = Debug|Any CPU
		Release|Any CPU = Release|Any CPU
	EndGlobalSection
	GlobalSection(ProjectConfigurationPlatforms) = postSolution
		{649BDE17-8A3A-45A8-A941-E8A8E41F6EDB}.Debug|Any CPU.ActiveCfg = Debug|Any CPU
		{649BDE17-8A3A-45A8-A941-E8A8E41F6EDB}.Debug|Any CPU.Build.0 = Debug|Any CPU
		{649BDE17-8A3A-45A8-A941-E8A8E41F6EDB}.Release|Any CPU.ActiveCfg = Release|Any CPU
		{649BDE17-8A3A-45A8-A941-E8A8E41F6EDB}.Release|Any CPU.Build.0 = Release|Any CPU
	EndGlobalSection
	GlobalSection(SolutionProperties) = preSolution
		HideSolutionNode = FALSE
	EndGlobalSection
	GlobalSection(ExtensibilityGlobals) = postSolution
		SolutionGuid = {E94C1BE2-9134-4206-B949-E13C1B8D2586}
	EndGlobalSection
EndGlobal
